
Microsoft Visual Studio Solution File, Format Version 12.00
# Visual Studio Version 17
VisualStudioVersion = 17.11.35222.181
MinimumVisualStudioVersion = 10.0.40219.1
Project("{9A19103F-16F7-4668-BE54-9A1E7A4F7556}") = "AuthenticationService.API", "Microservices\AuthenticationService\AuthenticationService.API\AuthenticationService.API.csproj", "{5C71F7AF-F614-496F-BC14-00C16C22ABEC}"
EndProject
Project("{9A19103F-16F7-4668-BE54-9A1E7A4F7556}") = "AuthenticationService.Core", "Microservices\AuthenticationService\AuthenticationService.Core\AuthenticationService.Core.csproj", "{8AD0C835-F183-488C-A99A-6D9C23D37940}"
EndProject
Project("{9A19103F-16F7-4668-BE54-9A1E7A4F7556}") = "AuthenticationService.Applicaion", "Microservices\AuthenticationService\AuthenticationService.Applicaion\AuthenticationService.Applicaion.csproj", "{1461E6FB-DD32-489D-B328-4D785C6055FC}"
EndProject
Project("{9A19103F-16F7-4668-BE54-9A1E7A4F7556}") = "AuthenticationService.Infrastructure", "Microservices\AuthenticationService\AuthenticationService.Infrustructure\AuthenticationService.Infrastructure.csproj", "{C42B0CC9-E497-49C4-8339-535E7A0892D4}"
EndProject
Project("{2150E333-8FDC-42A3-9474-1A3956D46DE8}") = "Microservices", "Microservices", "{371E2B00-153E-41B2-83E9-335705740980}"
EndProject
Project("{2150E333-8FDC-42A3-9474-1A3956D46DE8}") = "AuthenticationService", "AuthenticationService", "{8EF93AFB-1EC9-440F-9D24-05A5C8C0CB28}"
EndProject
Project("{2150E333-8FDC-42A3-9474-1A3956D46DE8}") = "EmailService", "EmailService", "{4CCD8E15-CB8B-46C5-834C-8C7CD8E5BCA9}"
EndProject
Project("{9A19103F-16F7-4668-BE54-9A1E7A4F7556}") = "EmailService", "Microservices\EmailService\EmailService\EmailService.csproj", "{98955920-312F-4722-B57D-4F358E53E8F1}"
EndProject
Project("{9A19103F-16F7-4668-BE54-9A1E7A4F7556}") = "Test", "Test\Test.csproj", "{F97BA024-397C-457D-AC51-92B859D6D6E5}"
EndProject
Project("{2150E333-8FDC-42A3-9474-1A3956D46DE8}") = "docker", "docker", "{88A8B797-1536-4971-A187-9D970010646D}"
	ProjectSection(SolutionItems) = preProject
		docker-compose.yml = docker-compose.yml
	EndProjectSection
EndProject
Project("{2150E333-8FDC-42A3-9474-1A3956D46DE8}") = "ProjectService", "ProjectService", "{A4D3FBFD-2F74-4801-ABF5-3EEDA89E6D33}"
EndProject
Project("{9A19103F-16F7-4668-BE54-9A1E7A4F7556}") = "ProjectService.Core", "Microservices\ProjectService\ProjectService.Core\ProjectService.Core.csproj", "{1C1B2A0C-AA32-4124-9573-4A6D0F08B791}"
EndProject
Project("{9A19103F-16F7-4668-BE54-9A1E7A4F7556}") = "ProjectService.Application", "Microservices\ProjectService\ProjectService.Application\ProjectService.Application.csproj", "{AF2B725D-38CE-42C2-B42E-8329B4EB77CC}"
EndProject
Project("{9A19103F-16F7-4668-BE54-9A1E7A4F7556}") = "ProjectService.Infrastructure", "Microservices\ProjectService\ProjectService.Infrastructure\ProjectService.Infrastructure.csproj", "{7C8A039E-9BCA-4A45-A5BE-DF8E1E5B2CA8}"
EndProject
Project("{9A19103F-16F7-4668-BE54-9A1E7A4F7556}") = "ProjectService.API", "Microservices\ProjectService\ProjectService.API\ProjectService.API.csproj", "{D3738C35-2830-406E-8838-14CACBEB94E0}"
EndProject
Project("{2150E333-8FDC-42A3-9474-1A3956D46DE8}") = "Gateaway", "Gateaway", "{810F08D2-3292-4BD7-8E6C-A1F57EAC1253}"
EndProject
Project("{9A19103F-16F7-4668-BE54-9A1E7A4F7556}") = "Gateaway.Infrastructure", "Gateaway\Gateaway.Infrastructure\Gateaway.Infrastructure.csproj", "{0AC27F28-3235-48E9-95BB-2346D4CEC0E2}"
EndProject
Project("{9A19103F-16F7-4668-BE54-9A1E7A4F7556}") = "Gateaway.API", "Gateaway\Gateaway.API\Gateaway.API.csproj", "{B630325E-8FB2-4ECB-BA2C-5C6C7F2AB393}"
EndProject
Project("{9A19103F-16F7-4668-BE54-9A1E7A4F7556}") = "Gateaway.Core", "Gateaway.Core\Gateaway.Core.csproj", "{67689AE6-0D7F-4228-AE31-B3B63A6C635C}"
EndProject
Project("{9A19103F-16F7-4668-BE54-9A1E7A4F7556}") = "Gateaway.Application", "Gateaway.Application\Gateaway.Application.csproj", "{A966687A-40E8-4E6F-9241-4AAE1E75B247}"
EndProject
Project("{2150E333-8FDC-42A3-9474-1A3956D46DE8}") = "UserService", "UserService", "{95CEE193-99CD-4AAA-A849-9352F5BB904F}"
EndProject
Project("{9A19103F-16F7-4668-BE54-9A1E7A4F7556}") = "UserService.Core", "Microservices\UserService\UserService.Core\UserService.Core.csproj", "{07CC02C1-39E2-4479-A7A9-9A7790A784A8}"
EndProject
Project("{9A19103F-16F7-4668-BE54-9A1E7A4F7556}") = "UserService.Infrastructure", "Microservices\UserService\UserService.Infrastructure\UserService.Infrastructure.csproj", "{FCE8F3DE-A6A0-410E-817C-E54151235C82}"
EndProject
Project("{9A19103F-16F7-4668-BE54-9A1E7A4F7556}") = "UserService.Application", "Microservices\UserService\UserService.Application\UserService.Application.csproj", "{D76BD0B4-5B83-4679-BD24-65ED81932598}"
EndProject
Project("{2150E333-8FDC-42A3-9474-1A3956D46DE8}") = "FilesProviderService", "FilesProviderService", "{8CFC28F6-A63C-4E90-9A65-6EE9A0890C23}"
EndProject
Project("{FAE04EC0-301F-11D3-BF4B-00C04F79EFBC}") = "FilesProvider", "Microservices\FilesProviderService\FilesProvider\FilesProvider.csproj", "{28F95636-9630-4398-8BF0-4A61B89ADFA3}"
EndProject
Project("{9A19103F-16F7-4668-BE54-9A1E7A4F7556}") = "FilesProviderTests", "FilesProviderTests\FilesProviderTests.csproj", "{739738DF-2412-4546-9B7B-6AC5C63E05C0}"
EndProject
Project("{FAE04EC0-301F-11D3-BF4B-00C04F79EFBC}") = "UserService.API", "Microservices\UserService\UserService.API\UserService.API.csproj", "{FB9A309F-B122-4E79-BF38-DF587458A3B4}"
EndProject
Global
	GlobalSection(SolutionConfigurationPlatforms) = preSolution
		Debug|Any CPU = Debug|Any CPU
		Release|Any CPU = Release|Any CPU
	EndGlobalSection
	GlobalSection(ProjectConfigurationPlatforms) = postSolution
		{5C71F7AF-F614-496F-BC14-00C16C22ABEC}.Debug|Any CPU.ActiveCfg = Debug|Any CPU
		{5C71F7AF-F614-496F-BC14-00C16C22ABEC}.Debug|Any CPU.Build.0 = Debug|Any CPU
		{5C71F7AF-F614-496F-BC14-00C16C22ABEC}.Release|Any CPU.ActiveCfg = Release|Any CPU
		{5C71F7AF-F614-496F-BC14-00C16C22ABEC}.Release|Any CPU.Build.0 = Release|Any CPU
		{8AD0C835-F183-488C-A99A-6D9C23D37940}.Debug|Any CPU.ActiveCfg = Debug|Any CPU
		{8AD0C835-F183-488C-A99A-6D9C23D37940}.Debug|Any CPU.Build.0 = Debug|Any CPU
		{8AD0C835-F183-488C-A99A-6D9C23D37940}.Release|Any CPU.ActiveCfg = Release|Any CPU
		{8AD0C835-F183-488C-A99A-6D9C23D37940}.Release|Any CPU.Build.0 = Release|Any CPU
		{1461E6FB-DD32-489D-B328-4D785C6055FC}.Debug|Any CPU.ActiveCfg = Debug|Any CPU
		{1461E6FB-DD32-489D-B328-4D785C6055FC}.Debug|Any CPU.Build.0 = Debug|Any CPU
		{1461E6FB-DD32-489D-B328-4D785C6055FC}.Release|Any CPU.ActiveCfg = Release|Any CPU
		{1461E6FB-DD32-489D-B328-4D785C6055FC}.Release|Any CPU.Build.0 = Release|Any CPU
		{C42B0CC9-E497-49C4-8339-535E7A0892D4}.Debug|Any CPU.ActiveCfg = Debug|Any CPU
		{C42B0CC9-E497-49C4-8339-535E7A0892D4}.Debug|Any CPU.Build.0 = Debug|Any CPU
		{C42B0CC9-E497-49C4-8339-535E7A0892D4}.Release|Any CPU.ActiveCfg = Release|Any CPU
		{C42B0CC9-E497-49C4-8339-535E7A0892D4}.Release|Any CPU.Build.0 = Release|Any CPU
		{98955920-312F-4722-B57D-4F358E53E8F1}.Debug|Any CPU.ActiveCfg = Debug|Any CPU
		{98955920-312F-4722-B57D-4F358E53E8F1}.Debug|Any CPU.Build.0 = Debug|Any CPU
		{98955920-312F-4722-B57D-4F358E53E8F1}.Release|Any CPU.ActiveCfg = Release|Any CPU
		{98955920-312F-4722-B57D-4F358E53E8F1}.Release|Any CPU.Build.0 = Release|Any CPU
		{F97BA024-397C-457D-AC51-92B859D6D6E5}.Debug|Any CPU.ActiveCfg = Debug|Any CPU
		{F97BA024-397C-457D-AC51-92B859D6D6E5}.Debug|Any CPU.Build.0 = Debug|Any CPU
		{F97BA024-397C-457D-AC51-92B859D6D6E5}.Release|Any CPU.ActiveCfg = Release|Any CPU
		{F97BA024-397C-457D-AC51-92B859D6D6E5}.Release|Any CPU.Build.0 = Release|Any CPU
		{1C1B2A0C-AA32-4124-9573-4A6D0F08B791}.Debug|Any CPU.ActiveCfg = Debug|Any CPU
		{1C1B2A0C-AA32-4124-9573-4A6D0F08B791}.Debug|Any CPU.Build.0 = Debug|Any CPU
		{1C1B2A0C-AA32-4124-9573-4A6D0F08B791}.Release|Any CPU.ActiveCfg = Release|Any CPU
		{1C1B2A0C-AA32-4124-9573-4A6D0F08B791}.Release|Any CPU.Build.0 = Release|Any CPU
		{AF2B725D-38CE-42C2-B42E-8329B4EB77CC}.Debug|Any CPU.ActiveCfg = Debug|Any CPU
		{AF2B725D-38CE-42C2-B42E-8329B4EB77CC}.Debug|Any CPU.Build.0 = Debug|Any CPU
		{AF2B725D-38CE-42C2-B42E-8329B4EB77CC}.Release|Any CPU.ActiveCfg = Release|Any CPU
		{AF2B725D-38CE-42C2-B42E-8329B4EB77CC}.Release|Any CPU.Build.0 = Release|Any CPU
		{7C8A039E-9BCA-4A45-A5BE-DF8E1E5B2CA8}.Debug|Any CPU.ActiveCfg = Debug|Any CPU
		{7C8A039E-9BCA-4A45-A5BE-DF8E1E5B2CA8}.Debug|Any CPU.Build.0 = Debug|Any CPU
		{7C8A039E-9BCA-4A45-A5BE-DF8E1E5B2CA8}.Release|Any CPU.ActiveCfg = Release|Any CPU
		{7C8A039E-9BCA-4A45-A5BE-DF8E1E5B2CA8}.Release|Any CPU.Build.0 = Release|Any CPU
		{D3738C35-2830-406E-8838-14CACBEB94E0}.Debug|Any CPU.ActiveCfg = Debug|Any CPU
		{D3738C35-2830-406E-8838-14CACBEB94E0}.Debug|Any CPU.Build.0 = Debug|Any CPU
		{D3738C35-2830-406E-8838-14CACBEB94E0}.Release|Any CPU.ActiveCfg = Release|Any CPU
		{D3738C35-2830-406E-8838-14CACBEB94E0}.Release|Any CPU.Build.0 = Release|Any CPU
		{0AC27F28-3235-48E9-95BB-2346D4CEC0E2}.Debug|Any CPU.ActiveCfg = Debug|Any CPU
		{0AC27F28-3235-48E9-95BB-2346D4CEC0E2}.Debug|Any CPU.Build.0 = Debug|Any CPU
		{0AC27F28-3235-48E9-95BB-2346D4CEC0E2}.Release|Any CPU.ActiveCfg = Release|Any CPU
		{0AC27F28-3235-48E9-95BB-2346D4CEC0E2}.Release|Any CPU.Build.0 = Release|Any CPU
		{B630325E-8FB2-4ECB-BA2C-5C6C7F2AB393}.Debug|Any CPU.ActiveCfg = Debug|Any CPU
		{B630325E-8FB2-4ECB-BA2C-5C6C7F2AB393}.Debug|Any CPU.Build.0 = Debug|Any CPU
		{B630325E-8FB2-4ECB-BA2C-5C6C7F2AB393}.Release|Any CPU.ActiveCfg = Release|Any CPU
		{B630325E-8FB2-4ECB-BA2C-5C6C7F2AB393}.Release|Any CPU.Build.0 = Release|Any CPU
		{67689AE6-0D7F-4228-AE31-B3B63A6C635C}.Debug|Any CPU.ActiveCfg = Debug|Any CPU
		{67689AE6-0D7F-4228-AE31-B3B63A6C635C}.Debug|Any CPU.Build.0 = Debug|Any CPU
		{67689AE6-0D7F-4228-AE31-B3B63A6C635C}.Release|Any CPU.ActiveCfg = Release|Any CPU
		{67689AE6-0D7F-4228-AE31-B3B63A6C635C}.Release|Any CPU.Build.0 = Release|Any CPU
		{A966687A-40E8-4E6F-9241-4AAE1E75B247}.Debug|Any CPU.ActiveCfg = Debug|Any CPU
		{A966687A-40E8-4E6F-9241-4AAE1E75B247}.Debug|Any CPU.Build.0 = Debug|Any CPU
		{A966687A-40E8-4E6F-9241-4AAE1E75B247}.Release|Any CPU.ActiveCfg = Release|Any CPU
		{A966687A-40E8-4E6F-9241-4AAE1E75B247}.Release|Any CPU.Build.0 = Release|Any CPU
		{07CC02C1-39E2-4479-A7A9-9A7790A784A8}.Debug|Any CPU.ActiveCfg = Debug|Any CPU
		{07CC02C1-39E2-4479-A7A9-9A7790A784A8}.Debug|Any CPU.Build.0 = Debug|Any CPU
		{07CC02C1-39E2-4479-A7A9-9A7790A784A8}.Release|Any CPU.ActiveCfg = Release|Any CPU
		{07CC02C1-39E2-4479-A7A9-9A7790A784A8}.Release|Any CPU.Build.0 = Release|Any CPU
		{FCE8F3DE-A6A0-410E-817C-E54151235C82}.Debug|Any CPU.ActiveCfg = Debug|Any CPU
		{FCE8F3DE-A6A0-410E-817C-E54151235C82}.Debug|Any CPU.Build.0 = Debug|Any CPU
		{FCE8F3DE-A6A0-410E-817C-E54151235C82}.Release|Any CPU.ActiveCfg = Release|Any CPU
		{FCE8F3DE-A6A0-410E-817C-E54151235C82}.Release|Any CPU.Build.0 = Release|Any CPU
		{D76BD0B4-5B83-4679-BD24-65ED81932598}.Debug|Any CPU.ActiveCfg = Debug|Any CPU
		{D76BD0B4-5B83-4679-BD24-65ED81932598}.Debug|Any CPU.Build.0 = Debug|Any CPU
		{D76BD0B4-5B83-4679-BD24-65ED81932598}.Release|Any CPU.ActiveCfg = Release|Any CPU
		{D76BD0B4-5B83-4679-BD24-65ED81932598}.Release|Any CPU.Build.0 = Release|Any CPU
		{28F95636-9630-4398-8BF0-4A61B89ADFA3}.Debug|Any CPU.ActiveCfg = Debug|Any CPU
		{28F95636-9630-4398-8BF0-4A61B89ADFA3}.Debug|Any CPU.Build.0 = Debug|Any CPU
		{28F95636-9630-4398-8BF0-4A61B89ADFA3}.Release|Any CPU.ActiveCfg = Release|Any CPU
		{28F95636-9630-4398-8BF0-4A61B89ADFA3}.Release|Any CPU.Build.0 = Release|Any CPU
		{739738DF-2412-4546-9B7B-6AC5C63E05C0}.Debug|Any CPU.ActiveCfg = Debug|Any CPU
		{739738DF-2412-4546-9B7B-6AC5C63E05C0}.Debug|Any CPU.Build.0 = Debug|Any CPU
		{739738DF-2412-4546-9B7B-6AC5C63E05C0}.Release|Any CPU.ActiveCfg = Release|Any CPU
		{739738DF-2412-4546-9B7B-6AC5C63E05C0}.Release|Any CPU.Build.0 = Release|Any CPU
		{FB9A309F-B122-4E79-BF38-DF587458A3B4}.Debug|Any CPU.ActiveCfg = Debug|Any CPU
		{FB9A309F-B122-4E79-BF38-DF587458A3B4}.Debug|Any CPU.Build.0 = Debug|Any CPU
		{FB9A309F-B122-4E79-BF38-DF587458A3B4}.Release|Any CPU.ActiveCfg = Release|Any CPU
		{FB9A309F-B122-4E79-BF38-DF587458A3B4}.Release|Any CPU.Build.0 = Release|Any CPU
	EndGlobalSection
	GlobalSection(SolutionProperties) = preSolution
		HideSolutionNode = FALSE
	EndGlobalSection
	GlobalSection(NestedProjects) = preSolution
		{5C71F7AF-F614-496F-BC14-00C16C22ABEC} = {8EF93AFB-1EC9-440F-9D24-05A5C8C0CB28}
		{8AD0C835-F183-488C-A99A-6D9C23D37940} = {8EF93AFB-1EC9-440F-9D24-05A5C8C0CB28}
		{1461E6FB-DD32-489D-B328-4D785C6055FC} = {8EF93AFB-1EC9-440F-9D24-05A5C8C0CB28}
		{C42B0CC9-E497-49C4-8339-535E7A0892D4} = {8EF93AFB-1EC9-440F-9D24-05A5C8C0CB28}
		{8EF93AFB-1EC9-440F-9D24-05A5C8C0CB28} = {371E2B00-153E-41B2-83E9-335705740980}
		{4CCD8E15-CB8B-46C5-834C-8C7CD8E5BCA9} = {371E2B00-153E-41B2-83E9-335705740980}
		{98955920-312F-4722-B57D-4F358E53E8F1} = {4CCD8E15-CB8B-46C5-834C-8C7CD8E5BCA9}
		{A4D3FBFD-2F74-4801-ABF5-3EEDA89E6D33} = {371E2B00-153E-41B2-83E9-335705740980}
		{1C1B2A0C-AA32-4124-9573-4A6D0F08B791} = {A4D3FBFD-2F74-4801-ABF5-3EEDA89E6D33}
		{AF2B725D-38CE-42C2-B42E-8329B4EB77CC} = {A4D3FBFD-2F74-4801-ABF5-3EEDA89E6D33}
		{7C8A039E-9BCA-4A45-A5BE-DF8E1E5B2CA8} = {A4D3FBFD-2F74-4801-ABF5-3EEDA89E6D33}
		{D3738C35-2830-406E-8838-14CACBEB94E0} = {A4D3FBFD-2F74-4801-ABF5-3EEDA89E6D33}
		{0AC27F28-3235-48E9-95BB-2346D4CEC0E2} = {810F08D2-3292-4BD7-8E6C-A1F57EAC1253}
		{B630325E-8FB2-4ECB-BA2C-5C6C7F2AB393} = {810F08D2-3292-4BD7-8E6C-A1F57EAC1253}
		{67689AE6-0D7F-4228-AE31-B3B63A6C635C} = {810F08D2-3292-4BD7-8E6C-A1F57EAC1253}
		{A966687A-40E8-4E6F-9241-4AAE1E75B247} = {810F08D2-3292-4BD7-8E6C-A1F57EAC1253}
		{95CEE193-99CD-4AAA-A849-9352F5BB904F} = {371E2B00-153E-41B2-83E9-335705740980}
		{07CC02C1-39E2-4479-A7A9-9A7790A784A8} = {95CEE193-99CD-4AAA-A849-9352F5BB904F}
		{FCE8F3DE-A6A0-410E-817C-E54151235C82} = {95CEE193-99CD-4AAA-A849-9352F5BB904F}
		{D76BD0B4-5B83-4679-BD24-65ED81932598} = {95CEE193-99CD-4AAA-A849-9352F5BB904F}
		{8CFC28F6-A63C-4E90-9A65-6EE9A0890C23} = {371E2B00-153E-41B2-83E9-335705740980}
		{28F95636-9630-4398-8BF0-4A61B89ADFA3} = {8CFC28F6-A63C-4E90-9A65-6EE9A0890C23}
		{739738DF-2412-4546-9B7B-6AC5C63E05C0} = {8CFC28F6-A63C-4E90-9A65-6EE9A0890C23}
		{FB9A309F-B122-4E79-BF38-DF587458A3B4} = {95CEE193-99CD-4AAA-A849-9352F5BB904F}
	EndGlobalSection
	GlobalSection(ExtensibilityGlobals) = postSolution
		SolutionGuid = {37F7F6CB-BC0C-4C4A-92ED-E3118383AE5D}
	EndGlobalSection
EndGlobal
